
Microsoft Visual Studio Solution File, Format Version 12.00
# Visual Studio 14
VisualStudioVersion = 14.0.23107.0
MinimumVisualStudioVersion = 10.0.40219.1
Project("{FAE04EC0-301F-11D3-BF4B-00C04F79EFBC}") = "TextMatch.UI.Web", "TextMatch.UI.Web\TextMatch.UI.Web.csproj", "{89252BC8-8C6C-4CC1-8385-470FADCDD6D3}"
EndProject
Project("{FAE04EC0-301F-11D3-BF4B-00C04F79EFBC}") = "TextMatch.Services", "TextMatch.Services\TextMatch.Services.csproj", "{C4F4C73A-CD03-430F-B2B0-D60553392A15}"
EndProject
Project("{FAE04EC0-301F-11D3-BF4B-00C04F79EFBC}") = "TextMatch.Services.Tests", "TextMatch.Services.Tests\TextMatch.Services.Tests.csproj", "{49E1D98B-BB45-4630-8111-B8B2E4A31CCB}"
EndProject
Project("{2150E333-8FDC-42A3-9474-1A3956D46DE8}") = "Solution Items", "Solution Items", "{F535FE67-EFF9-4CA7-9B54-AEA688D2FA44}"
	ProjectSection(SolutionItems) = preProject
		_shared\CA.ruleset = _shared\CA.ruleset
		_shared\R#.DotSettings = _shared\R#.DotSettings
		_shared\SharedAssemblyInfo.cs = _shared\SharedAssemblyInfo.cs
	EndProjectSection
EndProject
Global
	GlobalSection(SolutionConfigurationPlatforms) = preSolution
		Debug|Any CPU = Debug|Any CPU
		Release|Any CPU = Release|Any CPU
	EndGlobalSection
	GlobalSection(ProjectConfigurationPlatforms) = postSolution
		{89252BC8-8C6C-4CC1-8385-470FADCDD6D3}.Debug|Any CPU.ActiveCfg = Debug|Any CPU
		{89252BC8-8C6C-4CC1-8385-470FADCDD6D3}.Debug|Any CPU.Build.0 = Debug|Any CPU
		{89252BC8-8C6C-4CC1-8385-470FADCDD6D3}.Release|Any CPU.ActiveCfg = Release|Any CPU
		{89252BC8-8C6C-4CC1-8385-470FADCDD6D3}.Release|Any CPU.Build.0 = Release|Any CPU
		{C4F4C73A-CD03-430F-B2B0-D60553392A15}.Debug|Any CPU.ActiveCfg = Debug|Any CPU
		{C4F4C73A-CD03-430F-B2B0-D60553392A15}.Debug|Any CPU.Build.0 = Debug|Any CPU
		{C4F4C73A-CD03-430F-B2B0-D60553392A15}.Release|Any CPU.ActiveCfg = Release|Any CPU
		{C4F4C73A-CD03-430F-B2B0-D60553392A15}.Release|Any CPU.Build.0 = Release|Any CPU
		{49E1D98B-BB45-4630-8111-B8B2E4A31CCB}.Debug|Any CPU.ActiveCfg = Debug|Any CPU
		{49E1D98B-BB45-4630-8111-B8B2E4A31CCB}.Debug|Any CPU.Build.0 = Debug|Any CPU
		{49E1D98B-BB45-4630-8111-B8B2E4A31CCB}.Release|Any CPU.ActiveCfg = Release|Any CPU
		{49E1D98B-BB45-4630-8111-B8B2E4A31CCB}.Release|Any CPU.Build.0 = Release|Any CPU
	EndGlobalSection
	GlobalSection(SolutionProperties) = preSolution
		HideSolutionNode = FALSE
	EndGlobalSection
EndGlobal
